
Microsoft Visual Studio Solution File, Format Version 12.00
# Visual Studio Version 16
VisualStudioVersion = 16.0.31515.178
MinimumVisualStudioVersion = 10.0.40219.1
Project("{8BC9CEB8-8B4A-11D0-8D11-00A0C91BC942}") = "stack", "stack\stack.vcxproj", "{BC0BB57A-14C5-4D00-9128-6B0EEE1D7ECD}"
EndProject
Global
	GlobalSection(SolutionConfigurationPlatforms) = preSolution
		Debug|x64 = Debug|x64
		Debug|x86 = Debug|x86
		Release|x64 = Release|x64
		Release|x86 = Release|x86
	EndGlobalSection
	GlobalSection(ProjectConfigurationPlatforms) = postSolution
		{BC0BB57A-14C5-4D00-9128-6B0EEE1D7ECD}.Debug|x64.ActiveCfg = Debug|x64
		{BC0BB57A-14C5-4D00-9128-6B0EEE1D7ECD}.Debug|x64.Build.0 = Debug|x64
		{BC0BB57A-14C5-4D00-9128-6B0EEE1D7ECD}.Debug|x86.ActiveCfg = Debug|Win32
		{BC0BB57A-14C5-4D00-9128-6B0EEE1D7ECD}.Debug|x86.Build.0 = Debug|Win32
		{BC0BB57A-14C5-4D00-9128-6B0EEE1D7ECD}.Release|x64.ActiveCfg = Release|x64
		{BC0BB57A-14C5-4D00-9128-6B0EEE1D7ECD}.Release|x64.Build.0 = Release|x64
		{BC0BB57A-14C5-4D00-9128-6B0EEE1D7ECD}.Release|x86.ActiveCfg = Release|Win32
		{BC0BB57A-14C5-4D00-9128-6B0EEE1D7ECD}.Release|x86.Build.0 = Release|Win32
	EndGlobalSection
	GlobalSection(SolutionProperties) = preSolution
		HideSolutionNode = FALSE
	EndGlobalSection
	GlobalSection(ExtensibilityGlobals) = postSolution
		SolutionGuid = {1C761ECB-C2B3-4402-952C-9CD95F351D12}
	EndGlobalSection
EndGlobal
